# Profile cô lập: khoá cứng mọi khớp KHÔNG thuộc teleop.
#
# Được `tuning.yaml` include SAU `teleop_suspended.yaml`, nên nó chỉ thêm đúng
# phần khoá lên trên profile pilot treo đã được review. Mọi thứ khác — gate bàn
# giao, watchdog, giới hạn đầu, model locomotion — đến từ profile đó, không phải
# từ cấu hình chung của bb70a20.
#
# CHƯA ĐƯỢC HARDWARE GATE DUYỆT. Chỉ dùng khi robot treo/cố định trên giá và có
# người giữ E-stop.

# Bản gốc để chân (IDL 0-11) và eo (12-13) hoàn toàn limp trong ZERO TORQUE
# teleop. Trên giá treo, chân đung đưa là nhiễu cơ khí lẫn thẳng vào phép đo
# đang cần làm, nên ở đây chúng được giữ tại encoder chốt lúc bóp cò.
#
# Khoá giữ ĐÚNG tư thế robot đang treo sẵn nên chỉ phải dập dao động, không phải
# nâng chân lên. Chân còn đung đưa thì tăng kp (trần 100 = kKpTrain của hông/eo),
# không cần build lại. Rung hoặc kêu thì tăng kd trước khi giảm kp.
#
# Bật khoá là bắt đầu cấp dòng cho chân. Không bật khi robot đứng trên sàn:
# khoá giữ tư thế, nó KHÔNG đỡ trọng lượng.
teleop_lock_others_enabled: true
teleop_lock_kp: 20.0
teleop_lock_kd: 3.0
teleop_lock_max_rate_rad_s: 0.20
